
Microsoft Visual Studio Solution File, Format Version 12.00
# Visual Studio Version 17
VisualStudioVersion = 17.4.33103.184
MinimumVisualStudioVersion = 10.0.40219.1
Project("{9A19103F-16F7-4668-BE54-9A1E7A4F7556}") = "Daenet.ApiKeyAuthenticator", "Daenet.ApiKeyAuthenticator\Daenet.ApiKeyAuthenticator.csproj", "{D6A0363E-ECC5-4D79-A8EE-D9A1245EF855}"
EndProject
Project("{FAE04EC0-301F-11D3-BF4B-00C04F79EFBC}") = "TestRestApi", "TestRestApi\TestRestApi.csproj", "{6F115B27-7F39-4491-A8F5-791524C6B355}"
EndProject
Global
	GlobalSection(SolutionConfigurationPlatforms) = preSolution
		Debug|Any CPU = Debug|Any CPU
		Release|Any CPU = Release|Any CPU
	EndGlobalSection
	GlobalSection(ProjectConfigurationPlatforms) = postSolution
		{D6A0363E-ECC5-4D79-A8EE-D9A1245EF855}.Debug|Any CPU.ActiveCfg = Debug|Any CPU
		{D6A0363E-ECC5-4D79-A8EE-D9A1245EF855}.Debug|Any CPU.Build.0 = Debug|Any CPU
		{D6A0363E-ECC5-4D79-A8EE-D9A1245EF855}.Release|Any CPU.ActiveCfg = Release|Any CPU
		{D6A0363E-ECC5-4D79-A8EE-D9A1245EF855}.Release|Any CPU.Build.0 = Release|Any CPU
		{6F115B27-7F39-4491-A8F5-791524C6B355}.Debug|Any CPU.ActiveCfg = Debug|Any CPU
		{6F115B27-7F39-4491-A8F5-791524C6B355}.Debug|Any CPU.Build.0 = Debug|Any CPU
		{6F115B27-7F39-4491-A8F5-791524C6B355}.Release|Any CPU.ActiveCfg = Release|Any CPU
		{6F115B27-7F39-4491-A8F5-791524C6B355}.Release|Any CPU.Build.0 = Release|Any CPU
	EndGlobalSection
	GlobalSection(SolutionProperties) = preSolution
		HideSolutionNode = FALSE
	EndGlobalSection
	GlobalSection(ExtensibilityGlobals) = postSolution
		SolutionGuid = {19ECB2DD-F6DB-4371-B4E5-9E1DEDF418BB}
	EndGlobalSection
EndGlobal
